PODS:
  - Flutter (1.0.0)
  - flutter_keychain (0.0.1):
    - Flutter
  - path_provider (0.0.1):
    - Flutter
  - photo_manager (0.0.1):
    - Flutter

DEPENDENCIES:
  - Flutter (from `Flutter`)
  - flutter_keychain (from `.symlinks/plugins/flutter_keychain/ios`)
  - path_provider (from `.symlinks/plugins/path_provider/ios`)
  - photo_manager (from `.symlinks/plugins/photo_manager/ios`)

EXTERNAL SOURCES:
  Flutter:
    :path: Flutter
  flutter_keychain:
    :path: ".symlinks/plugins/flutter_keychain/ios"
  path_provider:
    :path: ".symlinks/plugins/path_provider/ios"
  photo_manager:
    :path: ".symlinks/plugins/photo_manager/ios"

SPEC CHECKSUMS:
  Flutter: 434fef37c0980e73bb6479ef766c45957d4b510c
  flutter_keychain: 01aabf894ffe8b01adfda1d9df21c210c1b4b452
  path_provider: abfe2b5c733d04e238b0d8691db0cfd63a27a93c
  photo_manager: f7c619c2cc8c2adb8d85c63363babac477de9c67

PODFILE CHECKSUM: a75497545d4391e2d394c3668e20cfb1c2bbd4aa

COCOAPODS: 1.10.1
